{
  "name": "agentsassemble-identity-directory",
  "version": "0.1.0",
  "lockfileVersion": 3,
  "requires": true,
  "packages": {
    "": {
      "name": "agentsassemble-identity-directory",
      "version": "0.1.0",
      "dependencies": {
        "fast-png": "8.0.0"
      }
    },
    "node_modules/fast-png": {
      "version": "8.0.0",
      "resolved": "https://registry.npmjs.org/fast-png/-/fast-png-8.0.0.tgz",
      "integrity": "sha512-gCysNasJ8KEMgfdYIKd/wTDo6ENK1PWT0RJO7O+0pgmuHPw2O6tA1WvdxFRJoLf9V8yFYpG0FA1YgI8X97OhJA==",
      "license": "MIT",
      "dependencies": {
        "fflate": "^0.8.2",
        "iobuffer": "^6.0.1"
      }
    },
    "node_modules/fflate": {
      "version": "0.8.3",
      "resolved": "https://registry.npmjs.org/fflate/-/fflate-0.8.3.tgz",
      "integrity": "sha512-tbZNuJrLwGUp3zshBtdy4W+ORxZuIh8a5ilyIEQDC5rY1f3U20JMry0Ll3WBzU58EZKsEuJFXhb5gwv8CsPvgA==",
      "license": "MIT"
    },
    "node_modules/iobuffer": {
      "version": "6.0.1",
      "resolved": "https://registry.npmjs.org/iobuffer/-/iobuffer-6.0.1.tgz",
      "integrity": "sha512-SZWYkWNfjIXIBYSDpXDYIgshqtbOPsi4lviawAEceR1Kqk+sHDlcQjWrzNQsii80AyBY0q5c8HCTNjqo74ul+Q==",
      "license": "MIT"
    }
  }
}
